
Microsoft Visual Studio Solution File, Format Version 12.00
# Visual Studio Version 16
VisualStudioVersion = 16.0.28922.388
MinimumVisualStudioVersion = 10.0.40219.1
Project("{FAE04EC0-301F-11D3-BF4B-00C04F79EFBC}") = "TP0001", "TP0001\TP0001.csproj", "{4438876C-7C4D-4EAA-B2C2-37A42F2136EE}"
EndProject
Global
	GlobalSection(SolutionConfigurationPlatforms) = preSolution
		Debug|Any CPU = Debug|Any CPU
		Release|Any CPU = Release|Any CPU
	EndGlobalSection
	GlobalSection(ProjectConfigurationPlatforms) = postSolution
		{4438876C-7C4D-4EAA-B2C2-37A42F2136EE}.Debug|Any CPU.ActiveCfg = Debug|Any CPU
		{4438876C-7C4D-4EAA-B2C2-37A42F2136EE}.Debug|Any CPU.Build.0 = Debug|Any CPU
		{4438876C-7C4D-4EAA-B2C2-37A42F2136EE}.Release|Any CPU.ActiveCfg = Release|Any CPU
		{4438876C-7C4D-4EAA-B2C2-37A42F2136EE}.Release|Any CPU.Build.0 = Release|Any CPU
	EndGlobalSection
	GlobalSection(SolutionProperties) = preSolution
		HideSolutionNode = FALSE
	EndGlobalSection
	GlobalSection(ExtensibilityGlobals) = postSolution
		SolutionGuid = {F2FD2C18-5AEF-4B9B-99A5-7D9B25926C00}
	EndGlobalSection
EndGlobal
